
Microsoft Visual Studio Solution File, Format Version 12.00
# Visual Studio Version 16
VisualStudioVersion = 16.0.32901.82
MinimumVisualStudioVersion = 10.0.40219.1
Project("{FAE04EC0-301F-11D3-BF4B-00C04F79EFBC}") = "LanApp1_1", "LanApp1_1\LanApp1_1.csproj", "{F112D360-A433-4E46-8BED-39D2B0730DB5}"
EndProject
Project("{FAE04EC0-301F-11D3-BF4B-00C04F79EFBC}") = "LanApp1_2Client", "LanApp1_2Client\LanApp1_2Client.csproj", "{B2B1E37C-3B57-4F10-A767-56F5F13CCDB3}"
EndProject
Project("{FAE04EC0-301F-11D3-BF4B-00C04F79EFBC}") = "LanApp2_1", "LanApp2_1\LanApp2_1.csproj", "{BDB25C34-EB73-477B-862E-430C2EED65DA}"
EndProject
Project("{FAE04EC0-301F-11D3-BF4B-00C04F79EFBC}") = "LanApp2_2AsyncClient", "LanApp2_2AsyncClient\LanApp2_2AsyncClient.csproj", "{E7ED687B-C2F9-4E90-970E-B1BE9212923B}"
EndProject
Project("{FAE04EC0-301F-11D3-BF4B-00C04F79EFBC}") = "LanApp3_1Server", "LanApp3_1Server\LanApp3_1Server.csproj", "{8EF08A6A-20B3-45D0-B9D8-DF8742F3B08F}"
EndProject
Project("{FAE04EC0-301F-11D3-BF4B-00C04F79EFBC}") = "LanApp3_2Client", "LanApp3_2\LanApp3_2Client.csproj", "{8630AF22-E0E1-4EB0-B525-C5D23A320B27}"
EndProject
Project("{FAE04EC0-301F-11D3-BF4B-00C04F79EFBC}") = "LanApp4_1", "LanApp4_1\LanApp4_1.csproj", "{B118D4A6-4724-4AEB-8682-4EEF2E303DA3}"
EndProject
Project("{FAE04EC0-301F-11D3-BF4B-00C04F79EFBC}") = "LanApp5_1", "LanApp5_1\LanApp5_1.csproj", "{F521C456-9B99-4BD7-B8E6-8D91C86CAD1E}"
EndProject
Project("{FAE04EC0-301F-11D3-BF4B-00C04F79EFBC}") = "LanApp6_1", "LanApp6_1\LanApp6_1.csproj", "{09C1E935-1A42-4109-999F-A431AB3C268A}"
EndProject
Project("{FAE04EC0-301F-11D3-BF4B-00C04F79EFBC}") = "LanApp6_2Dll", "LanApp6_2Dll\LanApp6_2Dll.csproj", "{EE764AE3-8C23-4469-ADD3-63AD8E047B3C}"
EndProject
Project("{FAE04EC0-301F-11D3-BF4B-00C04F79EFBC}") = "LanApp6_3Server", "LanApp6_3Server\LanApp6_3Server.csproj", "{F65ADC44-BC71-43CB-84E6-172982F27A93}"
EndProject
Global
	GlobalSection(SolutionConfigurationPlatforms) = preSolution
		Debug|Any CPU = Debug|Any CPU
		Release|Any CPU = Release|Any CPU
	EndGlobalSection
	GlobalSection(ProjectConfigurationPlatforms) = postSolution
		{F112D360-A433-4E46-8BED-39D2B0730DB5}.Debug|Any CPU.ActiveCfg = Debug|Any CPU
		{F112D360-A433-4E46-8BED-39D2B0730DB5}.Debug|Any CPU.Build.0 = Debug|Any CPU
		{F112D360-A433-4E46-8BED-39D2B0730DB5}.Release|Any CPU.ActiveCfg = Release|Any CPU
		{F112D360-A433-4E46-8BED-39D2B0730DB5}.Release|Any CPU.Build.0 = Release|Any CPU
		{B2B1E37C-3B57-4F10-A767-56F5F13CCDB3}.Debug|Any CPU.ActiveCfg = Debug|Any CPU
		{B2B1E37C-3B57-4F10-A767-56F5F13CCDB3}.Debug|Any CPU.Build.0 = Debug|Any CPU
		{B2B1E37C-3B57-4F10-A767-56F5F13CCDB3}.Release|Any CPU.ActiveCfg = Release|Any CPU
		{B2B1E37C-3B57-4F10-A767-56F5F13CCDB3}.Release|Any CPU.Build.0 = Release|Any CPU
		{BDB25C34-EB73-477B-862E-430C2EED65DA}.Debug|Any CPU.ActiveCfg = Debug|Any CPU
		{BDB25C34-EB73-477B-862E-430C2EED65DA}.Debug|Any CPU.Build.0 = Debug|Any CPU
		{BDB25C34-EB73-477B-862E-430C2EED65DA}.Release|Any CPU.ActiveCfg = Release|Any CPU
		{BDB25C34-EB73-477B-862E-430C2EED65DA}.Release|Any CPU.Build.0 = Release|Any CPU
		{E7ED687B-C2F9-4E90-970E-B1BE9212923B}.Debug|Any CPU.ActiveCfg = Debug|Any CPU
		{E7ED687B-C2F9-4E90-970E-B1BE9212923B}.Debug|Any CPU.Build.0 = Debug|Any CPU
		{E7ED687B-C2F9-4E90-970E-B1BE9212923B}.Release|Any CPU.ActiveCfg = Release|Any CPU
		{E7ED687B-C2F9-4E90-970E-B1BE9212923B}.Release|Any CPU.Build.0 = Release|Any CPU
		{8EF08A6A-20B3-45D0-B9D8-DF8742F3B08F}.Debug|Any CPU.ActiveCfg = Debug|Any CPU
		{8EF08A6A-20B3-45D0-B9D8-DF8742F3B08F}.Debug|Any CPU.Build.0 = Debug|Any CPU
		{8EF08A6A-20B3-45D0-B9D8-DF8742F3B08F}.Release|Any CPU.ActiveCfg = Release|Any CPU
		{8EF08A6A-20B3-45D0-B9D8-DF8742F3B08F}.Release|Any CPU.Build.0 = Release|Any CPU
		{8630AF22-E0E1-4EB0-B525-C5D23A320B27}.Debug|Any CPU.ActiveCfg = Debug|Any CPU
		{8630AF22-E0E1-4EB0-B525-C5D23A320B27}.Debug|Any CPU.Build.0 = Debug|Any CPU
		{8630AF22-E0E1-4EB0-B525-C5D23A320B27}.Release|Any CPU.ActiveCfg = Release|Any CPU
		{8630AF22-E0E1-4EB0-B525-C5D23A320B27}.Release|Any CPU.Build.0 = Release|Any CPU
		{B118D4A6-4724-4AEB-8682-4EEF2E303DA3}.Debug|Any CPU.ActiveCfg = Debug|Any CPU
		{B118D4A6-4724-4AEB-8682-4EEF2E303DA3}.Debug|Any CPU.Build.0 = Debug|Any CPU
		{B118D4A6-4724-4AEB-8682-4EEF2E303DA3}.Release|Any CPU.ActiveCfg = Release|Any CPU
		{B118D4A6-4724-4AEB-8682-4EEF2E303DA3}.Release|Any CPU.Build.0 = Release|Any CPU
		{F521C456-9B99-4BD7-B8E6-8D91C86CAD1E}.Debug|Any CPU.ActiveCfg = Debug|Any CPU
		{F521C456-9B99-4BD7-B8E6-8D91C86CAD1E}.Debug|Any CPU.Build.0 = Debug|Any CPU
		{F521C456-9B99-4BD7-B8E6-8D91C86CAD1E}.Release|Any CPU.ActiveCfg = Release|Any CPU
		{F521C456-9B99-4BD7-B8E6-8D91C86CAD1E}.Release|Any CPU.Build.0 = Release|Any CPU
		{09C1E935-1A42-4109-999F-A431AB3C268A}.Debug|Any CPU.ActiveCfg = Debug|Any CPU
		{09C1E935-1A42-4109-999F-A431AB3C268A}.Debug|Any CPU.Build.0 = Debug|Any CPU
		{09C1E935-1A42-4109-999F-A431AB3C268A}.Release|Any CPU.ActiveCfg = Release|Any CPU
		{09C1E935-1A42-4109-999F-A431AB3C268A}.Release|Any CPU.Build.0 = Release|Any CPU
		{EE764AE3-8C23-4469-ADD3-63AD8E047B3C}.Debug|Any CPU.ActiveCfg = Debug|Any CPU
		{EE764AE3-8C23-4469-ADD3-63AD8E047B3C}.Debug|Any CPU.Build.0 = Debug|Any CPU
		{EE764AE3-8C23-4469-ADD3-63AD8E047B3C}.Release|Any CPU.ActiveCfg = Release|Any CPU
		{EE764AE3-8C23-4469-ADD3-63AD8E047B3C}.Release|Any CPU.Build.0 = Release|Any CPU
		{F65ADC44-BC71-43CB-84E6-172982F27A93}.Debug|Any CPU.ActiveCfg = Debug|Any CPU
		{F65ADC44-BC71-43CB-84E6-172982F27A93}.Debug|Any CPU.Build.0 = Debug|Any CPU
		{F65ADC44-BC71-43CB-84E6-172982F27A93}.Release|Any CPU.ActiveCfg = Release|Any CPU
		{F65ADC44-BC71-43CB-84E6-172982F27A93}.Release|Any CPU.Build.0 = Release|Any CPU
	EndGlobalSection
	GlobalSection(SolutionProperties) = preSolution
		HideSolutionNode = FALSE
	EndGlobalSection
	GlobalSection(ExtensibilityGlobals) = postSolution
		SolutionGuid = {01D3146A-5447-46E8-BF53-17857F79DF53}
	EndGlobalSection
EndGlobal
